
Microsoft Visual Studio Solution File, Format Version 12.00
# Visual Studio Version 17
VisualStudioVersion = 17.3.32929.385
MinimumVisualStudioVersion = 10.0.40219.1
Project("{F184B08F-C81C-45F6-A57F-5ABD9991F28F}") = "Platformer", "Platformer\Platformer.vbproj", "{31BE1358-1357-4720-937D-E92198360AD8}"
EndProject
Global
	GlobalSection(SolutionConfigurationPlatforms) = preSolution
		Debug|Any CPU = Debug|Any CPU
		Release|Any CPU = Release|Any CPU
	EndGlobalSection
	GlobalSection(ProjectConfigurationPlatforms) = postSolution
		{31BE1358-1357-4720-937D-E92198360AD8}.Debug|Any CPU.ActiveCfg = Debug|Any CPU
		{31BE1358-1357-4720-937D-E92198360AD8}.Debug|Any CPU.Build.0 = Debug|Any CPU
		{31BE1358-1357-4720-937D-E92198360AD8}.Release|Any CPU.ActiveCfg = Release|Any CPU
		{31BE1358-1357-4720-937D-E92198360AD8}.Release|Any CPU.Build.0 = Release|Any CPU
	EndGlobalSection
	GlobalSection(SolutionProperties) = preSolution
		HideSolutionNode = FALSE
	EndGlobalSection
	GlobalSection(ExtensibilityGlobals) = postSolution
		SolutionGuid = {F35B0447-348D-4847-AAC2-68568FE5B304}
	EndGlobalSection
EndGlobal
