
Microsoft Visual Studio Solution File, Format Version 12.00
# Visual Studio Version 17
VisualStudioVersion = 17.3.32929.385
MinimumVisualStudioVersion = 10.0.40219.1
Project("{F184B08F-C81C-45F6-A57F-5ABD9991F28F}") = "WpfApp1", "WpfApp1\WpfApp1.vbproj", "{C6794995-49ED-446D-9936-42127B7355B8}"
EndProject
Global
	GlobalSection(SolutionConfigurationPlatforms) = preSolution
		Debug|Any CPU = Debug|Any CPU
		Release|Any CPU = Release|Any CPU
	EndGlobalSection
	GlobalSection(ProjectConfigurationPlatforms) = postSolution
		{C6794995-49ED-446D-9936-42127B7355B8}.Debug|Any CPU.ActiveCfg = Debug|Any CPU
		{C6794995-49ED-446D-9936-42127B7355B8}.Debug|Any CPU.Build.0 = Debug|Any CPU
		{C6794995-49ED-446D-9936-42127B7355B8}.Release|Any CPU.ActiveCfg = Release|Any CPU
		{C6794995-49ED-446D-9936-42127B7355B8}.Release|Any CPU.Build.0 = Release|Any CPU
	EndGlobalSection
	GlobalSection(SolutionProperties) = preSolution
		HideSolutionNode = FALSE
	EndGlobalSection
	GlobalSection(ExtensibilityGlobals) = postSolution
		SolutionGuid = {1671BB30-0013-43E7-B4FC-AFDA92D0E3A1}
	EndGlobalSection
EndGlobal
